
Microsoft Visual Studio Solution File, Format Version 12.00
# Visual Studio 15
VisualStudioVersion = 15.0.28307.136
MinimumVisualStudioVersion = 10.0.40219.1
Project("{9A19103F-16F7-4668-BE54-9A1E7A4F7556}") = "Datahub.Queue.Manager", "Datahub.Queue.Manager\Datahub.Queue.Manager.csproj", "{B680EED2-F613-4F0D-8B7C-9CEAEB66CB82}"
EndProject
Project("{9A19103F-16F7-4668-BE54-9A1E7A4F7556}") = "Datahub.Queue.Manager.Test.Processor", "Datahub.Queue.Manager.Test.Processor\Datahub.Queue.Manager.Test.Processor.csproj", "{794C0444-6D6A-4EAE-BBA9-A1C70E73A83F}"
EndProject
Project("{9A19103F-16F7-4668-BE54-9A1E7A4F7556}") = "Datahub.Queue.Manager.Test.Producer", "Datahub.Queue.Manager.Test.Producer\Datahub.Queue.Manager.Test.Producer.csproj", "{C5787B29-1B98-4C33-93BA-3DFA16126894}"
EndProject
Project("{9A19103F-16F7-4668-BE54-9A1E7A4F7556}") = "Datahub.Queue.Manager.Test.MongoDbProcessor", "Datahub.Queue.Manager.Test.MongoDbProcessor\Datahub.Queue.Manager.Test.MongoDbProcessor.csproj", "{94BB3C2E-DA90-4915-8D98-F98FA42A7DD2}"
EndProject
Global
	GlobalSection(SolutionConfigurationPlatforms) = preSolution
		Debug|Any CPU = Debug|Any CPU
		Release|Any CPU = Release|Any CPU
	EndGlobalSection
	GlobalSection(ProjectConfigurationPlatforms) = postSolution
		{B680EED2-F613-4F0D-8B7C-9CEAEB66CB82}.Debug|Any CPU.ActiveCfg = Debug|Any CPU
		{B680EED2-F613-4F0D-8B7C-9CEAEB66CB82}.Debug|Any CPU.Build.0 = Debug|Any CPU
		{B680EED2-F613-4F0D-8B7C-9CEAEB66CB82}.Release|Any CPU.ActiveCfg = Release|Any CPU
		{B680EED2-F613-4F0D-8B7C-9CEAEB66CB82}.Release|Any CPU.Build.0 = Release|Any CPU
		{794C0444-6D6A-4EAE-BBA9-A1C70E73A83F}.Debug|Any CPU.ActiveCfg = Debug|Any CPU
		{794C0444-6D6A-4EAE-BBA9-A1C70E73A83F}.Debug|Any CPU.Build.0 = Debug|Any CPU
		{794C0444-6D6A-4EAE-BBA9-A1C70E73A83F}.Release|Any CPU.ActiveCfg = Release|Any CPU
		{794C0444-6D6A-4EAE-BBA9-A1C70E73A83F}.Release|Any CPU.Build.0 = Release|Any CPU
		{C5787B29-1B98-4C33-93BA-3DFA16126894}.Debug|Any CPU.ActiveCfg = Debug|Any CPU
		{C5787B29-1B98-4C33-93BA-3DFA16126894}.Debug|Any CPU.Build.0 = Debug|Any CPU
		{C5787B29-1B98-4C33-93BA-3DFA16126894}.Release|Any CPU.ActiveCfg = Release|Any CPU
		{C5787B29-1B98-4C33-93BA-3DFA16126894}.Release|Any CPU.Build.0 = Release|Any CPU
		{94BB3C2E-DA90-4915-8D98-F98FA42A7DD2}.Debug|Any CPU.ActiveCfg = Debug|Any CPU
		{94BB3C2E-DA90-4915-8D98-F98FA42A7DD2}.Debug|Any CPU.Build.0 = Debug|Any CPU
		{94BB3C2E-DA90-4915-8D98-F98FA42A7DD2}.Release|Any CPU.ActiveCfg = Release|Any CPU
		{94BB3C2E-DA90-4915-8D98-F98FA42A7DD2}.Release|Any CPU.Build.0 = Release|Any CPU
	EndGlobalSection
	GlobalSection(SolutionProperties) = preSolution
		HideSolutionNode = FALSE
	EndGlobalSection
	GlobalSection(ExtensibilityGlobals) = postSolution
		SolutionGuid = {09DFF1EE-2C07-49F1-A963-1E6D7B6B07D6}
	EndGlobalSection
EndGlobal
